
Microsoft Visual Studio Solution File, Format Version 12.00
# Visual Studio 2012
Project("{FAE04EC0-301F-11D3-BF4B-00C04F79EFBC}") = "TwoProducts", "TwoProducts.csproj", "{0F0C1B8A-EEDD-40FA-83FC-9F9B1F857AD8}"
EndProject
Global
	GlobalSection(SolutionConfigurationPlatforms) = preSolution
		Debug|Any CPU = Debug|Any CPU
		Release|Any CPU = Release|Any CPU
	EndGlobalSection
	GlobalSection(ProjectConfigurationPlatforms) = postSolution
		{0F0C1B8A-EEDD-40FA-83FC-9F9B1F857AD8}.Debug|Any CPU.ActiveCfg = Debug|Any CPU
		{0F0C1B8A-EEDD-40FA-83FC-9F9B1F857AD8}.Debug|Any CPU.Build.0 = Debug|Any CPU
		{0F0C1B8A-EEDD-40FA-83FC-9F9B1F857AD8}.Release|Any CPU.ActiveCfg = Release|Any CPU
		{0F0C1B8A-EEDD-40FA-83FC-9F9B1F857AD8}.Release|Any CPU.Build.0 = Release|Any CPU
	EndGlobalSection
	GlobalSection(SolutionProperties) = preSolution
		HideSolutionNode = FALSE
	EndGlobalSection
EndGlobal
